<?xml version="1.0" encoding="utf-8"?>
<Project ToolsVersion="4.0" xmlns="http://schemas.microsoft.com/developer/msbuild/2003">
  <ItemGroup>
    <Filter Include="Source Files">
      <UniqueIdentifier>{4FC737F1-C7A5-4376-A066-2A32D752A2FF}</UniqueIdentifier>
      <Extensions>cpp;c;cc;cxx;def;odl;idl;hpj;bat;asm;asmx</Extensions>
    </Filter>
    <Filter Include="Lib">
      <UniqueIdentifier>{34a5a234-0ca9-4850-981d-640060004bf3}</UniqueIdentifier>
    </Filter>
    <Filter Include="Source Files\GameState">
      <UniqueIdentifier>{f24dcc57-0d8b-40e7-9875-5587ea8f2ef8}</UniqueIdentifier>
    </Filter>
    <Filter Include="Source Files\Error">
      <UniqueIdentifier>{6c7da3d3-8abe-452f-9f15-e58a283445ad}</UniqueIdentifier>
    </Filter>
    <Filter Include="Source Files\Event">
      <UniqueIdentifier>{cb7b70be-99e3-4cb6-8126-1caafb6c6c91}</UniqueIdentifier>
    </Filter>
    <Filter Include="Source Files\TinyXml">
      <UniqueIdentifier>{aca7f8bd-8948-446b-82c2-f03502773331}</UniqueIdentifier>
    </Filter>
    <Filter Include="Source Files\Views">
      <UniqueIdentifier>{6dda93b5-213f-4f18-a70f-b6db8b508b54}</UniqueIdentifier>
    </Filter>
    <Filter Include="Source Files\Input">
      <UniqueIdentifier>{403d9897-010f-4212-b60c-66205b40f1f9}</UniqueIdentifier>
    </Filter>
    <Filter Include="Source Files\Physics">
      <UniqueIdentifier>{0e510879-47dc-42e6-baae-5f73fb7fe25e}</UniqueIdentifier>
    </Filter>
    <Filter Include="Source Files\Graphics">
      <UniqueIdentifier>{90513fd6-1347-4b3e-a15f-3a2b26d337a6}</UniqueIdentifier>
    </Filter>
    <Filter Include="Source Files\Actor">
      <UniqueIdentifier>{061335c2-ad07-409f-8f77-0a877a489aec}</UniqueIdentifier>
    </Filter>
    <Filter Include="Source Files\Actor\ActorTypes">
      <UniqueIdentifier>{9bf4f231-0e44-4402-9f1e-f969115ec661}</UniqueIdentifier>
    </Filter>
    <Filter Include="Source Files\Actor\ComponentTypes">
      <UniqueIdentifier>{6123cb5e-cbbb-4923-b42c-a45ff242f98e}</UniqueIdentifier>
    </Filter>
    <Filter Include="Source Files\Util">
      <UniqueIdentifier>{e4e145a1-0202-494d-bd8b-709b1eea63d1}</UniqueIdentifier>
    </Filter>
    <Filter Include="Source Files\PongComponents">
      <UniqueIdentifier>{426a0af4-efe9-4f29-aba0-441fb399a2c2}</UniqueIdentifier>
    </Filter>
  </ItemGroup>
  <ItemGroup>
    <ClCompile Include="main.cpp">
      <Filter>Source Files</Filter>
    </ClCompile>
    <ClCompile Include="GameOverState.cpp">
      <Filter>Source Files\GameState</Filter>
    </ClCompile>
    <ClCompile Include="InnerGameState.cpp">
      <Filter>Source Files\GameState</Filter>
    </ClCompile>
    <ClCompile Include="MainMenuState.cpp">
      <Filter>Source Files\GameState</Filter>
    </ClCompile>
    <ClCompile Include="Error.cpp">
      <Filter>Source Files\Error</Filter>
    </ClCompile>
    <ClCompile Include="EventManager.cpp">
      <Filter>Source Files\Event</Filter>
    </ClCompile>
    <ClCompile Include="StateManager.cpp">
      <Filter>Source Files\GameState</Filter>
    </ClCompile>
    <ClCompile Include="tinyxml2.cpp">
      <Filter>Source Files\TinyXml</Filter>
    </ClCompile>
    <ClCompile Include="ActorFactory.cpp">
      <Filter>Source Files\Actor</Filter>
    </ClCompile>
    <ClCompile Include="Actor.cpp">
      <Filter>Source Files\Actor</Filter>
    </ClCompile>
    <ClCompile Include="VisualComponent.cpp">
      <Filter>Source Files\Actor\ComponentTypes</Filter>
    </ClCompile>
    <ClCompile Include="TestComponents.cpp">
      <Filter>Source Files\Actor\ComponentTypes</Filter>
    </ClCompile>
    <ClCompile Include="KeyboardHandler.cpp">
      <Filter>Source Files\Input</Filter>
    </ClCompile>
    <ClCompile Include="PointerHandler.cpp">
      <Filter>Source Files\Input</Filter>
    </ClCompile>
    <ClCompile Include="HumanView.cpp">
      <Filter>Source Files\Views</Filter>
    </ClCompile>
    <ClCompile Include="Tests.cpp">
      <Filter>Source Files</Filter>
    </ClCompile>
    <ClCompile Include="PhysicalComponent.cpp">
      <Filter>Source Files\Actor\ComponentTypes</Filter>
    </ClCompile>
    <ClCompile Include="Collision.cpp">
      <Filter>Source Files\Physics</Filter>
    </ClCompile>
    <ClCompile Include="TextureManager.cpp">
      <Filter>Source Files\Graphics</Filter>
    </ClCompile>
    <ClCompile Include="PaddleComponent.cpp">
      <Filter>Source Files\Actor\ComponentTypes</Filter>
    </ClCompile>
    <ClCompile Include="Event.cpp">
      <Filter>Source Files\Event</Filter>
    </ClCompile>
    <ClCompile Include="BallComponent.cpp">
      <Filter>Source Files\Actor\ComponentTypes</Filter>
    </ClCompile>
    <ClCompile Include="Volley.cpp">
      <Filter>Source Files\PongComponents</Filter>
    </ClCompile>
    <ClCompile Include="Match.cpp">
      <Filter>Source Files\PongComponents</Filter>
    </ClCompile>
    <ClCompile Include="ScoreboardComponent.cpp">
      <Filter>Source Files\Actor\ComponentTypes</Filter>
    </ClCompile>
    <ClCompile Include="FontManager.cpp">
      <Filter>Source Files\Graphics</Filter>
    </ClCompile>
  </ItemGroup>
  <ItemGroup>
    <ClInclude Include="GameState.h">
      <Filter>Source Files\GameState</Filter>
    </ClInclude>
    <ClInclude Include="Error.h">
      <Filter>Source Files\Error</Filter>
    </ClInclude>
    <ClInclude Include="Event.h">
      <Filter>Source Files\Event</Filter>
    </ClInclude>
    <ClInclude Include="Actor.h">
      <Filter>Source Files\Actor</Filter>
    </ClInclude>
    <ClInclude Include="tinyxml2.h">
      <Filter>Source Files\TinyXml</Filter>
    </ClInclude>
    <ClInclude Include="Views.h">
      <Filter>Source Files\Views</Filter>
    </ClInclude>
    <ClInclude Include="Input.h">
      <Filter>Source Files\Input</Filter>
    </ClInclude>
    <ClInclude Include="Tests.h">
      <Filter>Source Files</Filter>
    </ClInclude>
    <ClInclude Include="Utils.h">
      <Filter>Source Files\Util</Filter>
    </ClInclude>
    <ClInclude Include="Shape.h">
      <Filter>Source Files\Physics</Filter>
    </ClInclude>
    <ClInclude Include="Collision.h">
      <Filter>Source Files\Physics</Filter>
    </ClInclude>
    <ClInclude Include="Vec2D.h">
      <Filter>Source Files\Util</Filter>
    </ClInclude>
    <ClInclude Include="Texture.h">
      <Filter>Source Files\Graphics</Filter>
    </ClInclude>
    <ClInclude Include="Color.h">
      <Filter>Source Files\Util</Filter>
    </ClInclude>
    <ClInclude Include="Pong.h">
      <Filter>Source Files\PongComponents</Filter>
    </ClInclude>
    <ClInclude Include="FontManager.h">
      <Filter>Source Files\Graphics</Filter>
    </ClInclude>
  </ItemGroup>
  <ItemGroup>
    <Xml Include="test1.xml">
      <Filter>Source Files\Actor\ActorTypes</Filter>
    </Xml>
    <Xml Include="test.xml">
      <Filter>Source Files\Actor\ActorTypes</Filter>
    </Xml>
    <Xml Include="test2.xml">
      <Filter>Source Files\Actor\ActorTypes</Filter>
    </Xml>
    <Xml Include="test3.xml">
      <Filter>Source Files\Actor\ActorTypes</Filter>
    </Xml>
    <Xml Include="test4.xml">
      <Filter>Source Files\Actor\ActorTypes</Filter>
    </Xml>
    <Xml Include="TestPhysical.xml">
      <Filter>Source Files\Actor\ActorTypes</Filter>
    </Xml>
    <Xml Include="TestVisual.xml">
      <Filter>Source Files\Actor\ActorTypes</Filter>
    </Xml>
    <Xml Include="TestPhysVis.xml">
      <Filter>Source Files\Actor\ActorTypes</Filter>
    </Xml>
    <Xml Include="Circle.xml">
      <Filter>Source Files\Actor\ActorTypes</Filter>
    </Xml>
    <Xml Include="Square.xml">
      <Filter>Source Files\Actor\ActorTypes</Filter>
    </Xml>
    <Xml Include="VerticalPaddle.xml">
      <Filter>Source Files\Actor\ActorTypes</Filter>
    </Xml>
    <Xml Include="HorizontalPaddle.xml">
      <Filter>Source Files\Actor\ActorTypes</Filter>
    </Xml>
    <Xml Include="Bumper.xml">
      <Filter>Source Files\Actor\ActorTypes</Filter>
    </Xml>
    <Xml Include="Ball.xml">
      <Filter>Source Files\Actor\ActorTypes</Filter>
    </Xml>
    <Xml Include="Field.xml">
      <Filter>Source Files\Actor\ActorTypes</Filter>
    </Xml>
    <Xml Include="Scoreboard.xml">
      <Filter>Source Files\Actor\ActorTypes</Filter>
    </Xml>
  </ItemGroup>
  <ItemGroup>
    <Text Include="notes.md">
      <Filter>Source Files</Filter>
    </Text>
  </ItemGroup>
</Project>